{
  "nodes": {
    "atom": {
      "locked": {
        "lastModified": 1740578955,
        "narHash": "sha256-cfQd23xSpKB7AIVNjoHRcKwR/h4lJY9Syi6Mu/NWX9Y=",
        "owner": "LiGoldragon",
        "repo": "atom",
        "rev": "e9b437bf60607fdfa27e49937561b9e1f8682863",
        "type": "github"
      },
      "original": {
        "owner": "LiGoldragon",
        "repo": "atom",
        "type": "github"
      }
    },
    "nixpkgs": {
      "locked": {
        "lastModified": 1734649271,
        "narHash": "sha256-4EVBRhOjMDuGtMaofAIqzJbg4Ql7Ai0PSeuVZTHjyKQ=",
        "owner": "NixOS",
        "repo": "nixpkgs",
        "rev": "d70bd19e0a38ad4790d3913bf08fcbfc9eeca507",
        "type": "github"
      },
      "original": {
        "owner": "NixOS",
        "ref": "nixos-unstable",
        "repo": "nixpkgs",
        "type": "github"
      }
    },
    "root": {
      "inputs": {
        "atom": "atom",
        "nixpkgs": "nixpkgs"
      }
    }
  },
  "root": "root",
  "version": 7
}
